
Microsoft Visual Studio Solution File, Format Version 12.00
# Visual Studio 15
VisualStudioVersion = 15.0.27130.2010
MinimumVisualStudioVersion = 10.0.40219.1
Project("{FAE04EC0-301F-11D3-BF4B-00C04F79EFBC}") = "Swastika.IO.Core.SPA.React", "Swastika.IO.Core.SPA.React\Swastika.IO.Core.SPA.React.csproj", "{DE27089B-A498-44AF-9077-F01D65E50C64}"
EndProject
Project("{FAE04EC0-301F-11D3-BF4B-00C04F79EFBC}") = "Demo", "Demo\Demo.csproj", "{58ECD78E-945F-45D7-8ABE-39416AB5AD38}"
EndProject
Project("{FAE04EC0-301F-11D3-BF4B-00C04F79EFBC}") = "WebApplication1", "WebApplication1\WebApplication1.csproj", "{C5A6FCB1-342B-412A-AEA0-3AA2A4C75A39}"
EndProject
Global
	GlobalSection(SolutionConfigurationPlatforms) = preSolution
		Debug|Any CPU = Debug|Any CPU
		Release|Any CPU = Release|Any CPU
	EndGlobalSection
	GlobalSection(ProjectConfigurationPlatforms) = postSolution
		{DE27089B-A498-44AF-9077-F01D65E50C64}.Debug|Any CPU.ActiveCfg = Debug|Any CPU
		{DE27089B-A498-44AF-9077-F01D65E50C64}.Debug|Any CPU.Build.0 = Debug|Any CPU
		{DE27089B-A498-44AF-9077-F01D65E50C64}.Release|Any CPU.ActiveCfg = Release|Any CPU
		{DE27089B-A498-44AF-9077-F01D65E50C64}.Release|Any CPU.Build.0 = Release|Any CPU
		{58ECD78E-945F-45D7-8ABE-39416AB5AD38}.Debug|Any CPU.ActiveCfg = Debug|Any CPU
		{58ECD78E-945F-45D7-8ABE-39416AB5AD38}.Debug|Any CPU.Build.0 = Debug|Any CPU
		{58ECD78E-945F-45D7-8ABE-39416AB5AD38}.Release|Any CPU.ActiveCfg = Release|Any CPU
		{58ECD78E-945F-45D7-8ABE-39416AB5AD38}.Release|Any CPU.Build.0 = Release|Any CPU
		{C5A6FCB1-342B-412A-AEA0-3AA2A4C75A39}.Debug|Any CPU.ActiveCfg = Debug|Any CPU
		{C5A6FCB1-342B-412A-AEA0-3AA2A4C75A39}.Debug|Any CPU.Build.0 = Debug|Any CPU
		{C5A6FCB1-342B-412A-AEA0-3AA2A4C75A39}.Release|Any CPU.ActiveCfg = Release|Any CPU
		{C5A6FCB1-342B-412A-AEA0-3AA2A4C75A39}.Release|Any CPU.Build.0 = Release|Any CPU
	EndGlobalSection
	GlobalSection(SolutionProperties) = preSolution
		HideSolutionNode = FALSE
	EndGlobalSection
	GlobalSection(ExtensibilityGlobals) = postSolution
		SolutionGuid = {60AB1BF1-F6ED-46A8-802E-ECBED7E25A19}
	EndGlobalSection
EndGlobal
